lockfileVersion: '9.0'

settings:
  autoInstallPeers: true
  excludeLinksFromLockfile: false

importers:

  .:
    dependencies:
      y-websocket:
        specifier: ^3.0.0
        version: 3.0.0(yjs@13.6.27)
      yjs:
        specifier: ^13.6.27
        version: 13.6.27

packages:

  isomorphic.js@0.2.5:
    resolution: {integrity: sha512-PIeMbHqMt4DnUP3MA/Flc0HElYjMXArsw1qwJZcm9sqR8mq3l8NYizFMty0pWwE/tzIGH3EKK5+jes5mAr85yw==}

  lib0@0.2.108:
    resolution: {integrity: sha512-+3eK/B0SqYoZiQu9fNk4VEc6EX8cb0Li96tPGKgugzoGj/OdRdREtuTLvUW+mtinoB2mFiJjSqOJBIaMkAGhxQ==}
    engines: {node: '>=16'}
    hasBin: true

  y-protocols@1.0.6:
    resolution: {integrity: sha512-vHRF2L6iT3rwj1jub/K5tYcTT/mEYDUppgNPXwp8fmLpui9f7Yeq3OEtTLVF012j39QnV+KEQpNqoN7CWU7Y9Q==}
    engines: {node: '>=16.0.0', npm: '>=8.0.0'}
    peerDependencies:
      yjs: ^13.0.0

  y-websocket@3.0.0:
    resolution: {integrity: sha512-mUHy7AzkOZ834T/7piqtlA8Yk6AchqKqcrCXjKW8J1w2lPtRDjz8W5/CvXz9higKAHgKRKqpI3T33YkRFLkPtg==}
    engines: {node: '>=16.0.0', npm: '>=8.0.0'}
    peerDependencies:
      yjs: ^13.5.6

  yjs@13.6.27:
    resolution: {integrity: sha512-OIDwaflOaq4wC6YlPBy2L6ceKeKuF7DeTxx+jPzv1FHn9tCZ0ZwSRnUBxD05E3yed46fv/FWJbvR+Ud7x0L7zw==}
    engines: {node: '>=16.0.0', npm: '>=8.0.0'}

snapshots:

  isomorphic.js@0.2.5: {}

  lib0@0.2.108:
    dependencies:
      isomorphic.js: 0.2.5

  y-protocols@1.0.6(yjs@13.6.27):
    dependencies:
      lib0: 0.2.108
      yjs: 13.6.27

  y-websocket@3.0.0(yjs@13.6.27):
    dependencies:
      lib0: 0.2.108
      y-protocols: 1.0.6(yjs@13.6.27)
      yjs: 13.6.27

  yjs@13.6.27:
    dependencies:
      lib0: 0.2.108
